
Microsoft Visual Studio Solution File, Format Version 12.00
Project("{FAE04EC0-301F-11D3-BF4B-00C04F79EFBC}") = "LABA_1", "LABA_1\LABA_1.csproj", "{1F51CF73-2B7B-48BE-9739-760234EBA737}"
EndProject
Project("{FAE04EC0-301F-11D3-BF4B-00C04F79EFBC}") = "LABA_2", "LABA_2\LABA_2.csproj", "{4A408A95-EF7A-4C93-924A-CB0E068F463F}"
EndProject
Project("{FAE04EC0-301F-11D3-BF4B-00C04F79EFBC}") = "LABA_3", "LABA_3\LABA_3.csproj", "{17AFCC5F-7090-4782-A816-12FBAEBA10EF}"
EndProject
Project("{FAE04EC0-301F-11D3-BF4B-00C04F79EFBC}") = "LABA_4", "LABA_4\LABA_4.csproj", "{59B284CC-72B2-4E67-8692-3E8695910225}"
EndProject
Global
	GlobalSection(SolutionConfigurationPlatforms) = preSolution
		Debug|Any CPU = Debug|Any CPU
		Release|Any CPU = Release|Any CPU
	EndGlobalSection
	GlobalSection(ProjectConfigurationPlatforms) = postSolution
		{1F51CF73-2B7B-48BE-9739-760234EBA737}.Debug|Any CPU.ActiveCfg = Debug|Any CPU
		{1F51CF73-2B7B-48BE-9739-760234EBA737}.Debug|Any CPU.Build.0 = Debug|Any CPU
		{1F51CF73-2B7B-48BE-9739-760234EBA737}.Release|Any CPU.ActiveCfg = Release|Any CPU
		{1F51CF73-2B7B-48BE-9739-760234EBA737}.Release|Any CPU.Build.0 = Release|Any CPU
		{4A408A95-EF7A-4C93-924A-CB0E068F463F}.Debug|Any CPU.ActiveCfg = Debug|Any CPU
		{4A408A95-EF7A-4C93-924A-CB0E068F463F}.Debug|Any CPU.Build.0 = Debug|Any CPU
		{4A408A95-EF7A-4C93-924A-CB0E068F463F}.Release|Any CPU.ActiveCfg = Release|Any CPU
		{4A408A95-EF7A-4C93-924A-CB0E068F463F}.Release|Any CPU.Build.0 = Release|Any CPU
		{17AFCC5F-7090-4782-A816-12FBAEBA10EF}.Debug|Any CPU.ActiveCfg = Debug|Any CPU
		{17AFCC5F-7090-4782-A816-12FBAEBA10EF}.Debug|Any CPU.Build.0 = Debug|Any CPU
		{17AFCC5F-7090-4782-A816-12FBAEBA10EF}.Release|Any CPU.ActiveCfg = Release|Any CPU
		{17AFCC5F-7090-4782-A816-12FBAEBA10EF}.Release|Any CPU.Build.0 = Release|Any CPU
		{59B284CC-72B2-4E67-8692-3E8695910225}.Debug|Any CPU.ActiveCfg = Debug|Any CPU
		{59B284CC-72B2-4E67-8692-3E8695910225}.Debug|Any CPU.Build.0 = Debug|Any CPU
		{59B284CC-72B2-4E67-8692-3E8695910225}.Release|Any CPU.ActiveCfg = Release|Any CPU
		{59B284CC-72B2-4E67-8692-3E8695910225}.Release|Any CPU.Build.0 = Release|Any CPU
	EndGlobalSection
EndGlobal
