
Microsoft Visual Studio Solution File, Format Version 12.00
Project("{FAE04EC0-301F-11D3-BF4B-00C04F79EFBC}") = "LABA_1", "LABA_1\LABA_1.csproj", "{1F51CF73-2B7B-48BE-9739-760234EBA737}"
EndProject
Global
	GlobalSection(SolutionConfigurationPlatforms) = preSolution
		Debug|Any CPU = Debug|Any CPU
		Release|Any CPU = Release|Any CPU
	EndGlobalSection
	GlobalSection(ProjectConfigurationPlatforms) = postSolution
		{1F51CF73-2B7B-48BE-9739-760234EBA737}.Debug|Any CPU.ActiveCfg = Debug|Any CPU
		{1F51CF73-2B7B-48BE-9739-760234EBA737}.Debug|Any CPU.Build.0 = Debug|Any CPU
		{1F51CF73-2B7B-48BE-9739-760234EBA737}.Release|Any CPU.ActiveCfg = Release|Any CPU
		{1F51CF73-2B7B-48BE-9739-760234EBA737}.Release|Any CPU.Build.0 = Release|Any CPU
	EndGlobalSection
EndGlobal
